
Microsoft Visual Studio Solution File, Format Version 12.00
# Visual Studio Version 16
VisualStudioVersion = 16.0.33529.622
MinimumVisualStudioVersion = 10.0.40219.1
Project("{FAE04EC0-301F-11D3-BF4B-00C04F79EFBC}") = "Dolgozat", "Dolgozat\Dolgozat.csproj", "{9C5ED486-54EF-4666-912C-C7F7B94BAE51}"
EndProject
Global
	GlobalSection(SolutionConfigurationPlatforms) = preSolution
		Debug|Any CPU = Debug|Any CPU
		Release|Any CPU = Release|Any CPU
	EndGlobalSection
	GlobalSection(ProjectConfigurationPlatforms) = postSolution
		{9C5ED486-54EF-4666-912C-C7F7B94BAE51}.Debug|Any CPU.ActiveCfg = Debug|Any CPU
		{9C5ED486-54EF-4666-912C-C7F7B94BAE51}.Debug|Any CPU.Build.0 = Debug|Any CPU
		{9C5ED486-54EF-4666-912C-C7F7B94BAE51}.Release|Any CPU.ActiveCfg = Release|Any CPU
		{9C5ED486-54EF-4666-912C-C7F7B94BAE51}.Release|Any CPU.Build.0 = Release|Any CPU
	EndGlobalSection
	GlobalSection(SolutionProperties) = preSolution
		HideSolutionNode = FALSE
	EndGlobalSection
	GlobalSection(ExtensibilityGlobals) = postSolution
		SolutionGuid = {DA08D333-B4EE-4E05-B9AC-D61BB14908AC}
	EndGlobalSection
EndGlobal
